
Microsoft Visual Studio Solution File, Format Version 12.00
# Visual Studio Version 16
VisualStudioVersion = 16.0.29209.62
MinimumVisualStudioVersion = 10.0.40219.1
Project("{FAE04EC0-301F-11D3-BF4B-00C04F79EFBC}") = "CommentScraperApp", "CommentScraperApp.csproj", "{84621943-1113-4AA4-BABD-B3A33FF9CB46}"
EndProject
Global
	GlobalSection(SolutionConfigurationPlatforms) = preSolution
		Debug|Any CPU = Debug|Any CPU
		Release|Any CPU = Release|Any CPU
	EndGlobalSection
	GlobalSection(ProjectConfigurationPlatforms) = postSolution
		{84621943-1113-4AA4-BABD-B3A33FF9CB46}.Debug|Any CPU.ActiveCfg = Debug|Any CPU
		{84621943-1113-4AA4-BABD-B3A33FF9CB46}.Debug|Any CPU.Build.0 = Debug|Any CPU
		{84621943-1113-4AA4-BABD-B3A33FF9CB46}.Release|Any CPU.ActiveCfg = Release|Any CPU
		{84621943-1113-4AA4-BABD-B3A33FF9CB46}.Release|Any CPU.Build.0 = Release|Any CPU
	EndGlobalSection
	GlobalSection(SolutionProperties) = preSolution
		HideSolutionNode = FALSE
	EndGlobalSection
	GlobalSection(ExtensibilityGlobals) = postSolution
		SolutionGuid = {CFC7C7CA-0457-436B-92CD-9546E577491D}
	EndGlobalSection
EndGlobal
